
Microsoft Visual Studio Solution File, Format Version 12.00
Project("{FAE04EC0-301F-11D3-BF4B-00C04F79EFBC}") = "DrunkCallouts", "DrunkCallouts\DrunkCallouts.csproj", "{19D584C5-1B56-494C-AFF0-792DD9A71370}"
EndProject
Global
	GlobalSection(SolutionConfigurationPlatforms) = preSolution
		Debug|Any CPU = Debug|Any CPU
		Release|Any CPU = Release|Any CPU
	EndGlobalSection
	GlobalSection(ProjectConfigurationPlatforms) = postSolution
		{19D584C5-1B56-494C-AFF0-792DD9A71370}.Debug|Any CPU.ActiveCfg = Debug|Any CPU
		{19D584C5-1B56-494C-AFF0-792DD9A71370}.Debug|Any CPU.Build.0 = Debug|Any CPU
		{19D584C5-1B56-494C-AFF0-792DD9A71370}.Release|Any CPU.ActiveCfg = Release|Any CPU
		{19D584C5-1B56-494C-AFF0-792DD9A71370}.Release|Any CPU.Build.0 = Release|Any CPU
	EndGlobalSection
EndGlobal
